
Microsoft Visual Studio Solution File, Format Version 12.00
# Visual Studio Version 17
VisualStudioVersion = 17.8.34408.163
MinimumVisualStudioVersion = 10.0.40219.1
Project("{FAE04EC0-301F-11D3-BF4B-00C04F79EFBC}") = "AnimalInheritacne", "AnimalInheritacne.csproj", "{D733DAAF-E018-49A9-A8E8-3BE7B5BDF586}"
EndProject
Global
	GlobalSection(SolutionConfigurationPlatforms) = preSolution
		Debug|Any CPU = Debug|Any CPU
		Release|Any CPU = Release|Any CPU
	EndGlobalSection
	GlobalSection(ProjectConfigurationPlatforms) = postSolution
		{D733DAAF-E018-49A9-A8E8-3BE7B5BDF586}.Debug|Any CPU.ActiveCfg = Debug|Any CPU
		{D733DAAF-E018-49A9-A8E8-3BE7B5BDF586}.Debug|Any CPU.Build.0 = Debug|Any CPU
		{D733DAAF-E018-49A9-A8E8-3BE7B5BDF586}.Release|Any CPU.ActiveCfg = Release|Any CPU
		{D733DAAF-E018-49A9-A8E8-3BE7B5BDF586}.Release|Any CPU.Build.0 = Release|Any CPU
	EndGlobalSection
	GlobalSection(SolutionProperties) = preSolution
		HideSolutionNode = FALSE
	EndGlobalSection
	GlobalSection(ExtensibilityGlobals) = postSolution
		SolutionGuid = {09C2CBA6-41A3-4A97-9ED2-B6FED9B3583F}
	EndGlobalSection
EndGlobal
